{
  "version": 4,
  "terraform_version": "0.14.8",
  "serial": 55,
  "lineage": "08b0e3e3-abd5-9242-90ec-88cadcef2ced",
  "outputs": {
    "cluster_name": {
      "value": "noteapp-cluster-prod",
      "type": "string"
    }
  },
  "resources": [
    {
      "mode": "managed",
      "type": "local_file",
      "name": "kubeconfig",
      "provider": "provider[\"registry.terraform.io/hashicorp/local\"]",
      "instances": [
        {
          "schema_version": 0,
          "attributes": {
            "content": "apiVersion: v1\r\nclusters:\r\n- cluster:\r\n    certificate-authority-data: LS0tLS1CRUdJTiBDRVJUSUZJQ0FURS0tLS0tCk1JSURLekNDQWhPZ0F3SUJBZ0lSQUtKcHV0T2xpRVZBdFZPWEFNeEtaRTB3RFFZSktvWklodmNOQVFFTEJRQXcKTHpFdE1Dc0dBMVVFQXhNa056UTNaak00TUdZdE1HWmhOaTAwTURrMUxUaG1PVFl0WXpobE1EYzNNVFUwTkdSaApNQjRYRFRJeE1EUXhPREUzTkRJeU4xb1hEVEkyTURReE56RTROREl5TjFvd0x6RXRNQ3NHQTFVRUF4TWtOelEzClpqTTRNR1l0TUdaaE5pMDBNRGsxTFRobU9UWXRZemhsTURjM01UVTBOR1JoTUlJQklqQU5CZ2txaGtpRzl3MEIKQVFFRkFBT0NBUThBTUlJQkNnS0NBUUVBdFVMdXc0Ymc2Q1ZZdFdoRy91ejI0U3Z3alR2WGxoQkNyTDQ2clZuRwpuSXluMmgveFFqMWhOanJMcG1Yby9tb1VuaytwZ1RCTWFhM01GUHBoYWRwNWpXNUtLeW4xQTFGYVJFNjVoU2xmCjl2bGx6YW9ycTNjY3FuVDJOQnBZc293bHdvVnJMcHFDWWNMdmpVdVAxbVBkSm9ReUExbStzOUZaMWxnbnBuNHgKWUdwSncxQ2ZlNTVpYk1GSWdGWkdkRXU1OVB0Wi9MTHdtY0hHRmRtZlQ4VUdqVHZuakczeDhSdmlsM0FyV3JlNAp6eDRvcjlySG1WL3hCTzBmR0U3TG8wSHlpNXFPSlJUd00yZHNwUCswM2JoQUYyTmY0NUZueXJ0bm53MDIrVlh5CkNxcmo4UGt1ZlhXZjgwTUxRcGhBRlNqdllCK21sM21QSXBKRVg5T0cySjQ0bVFJREFRQUJvMEl3UURBT0JnTlYKSFE4QkFmOEVCQU1DQWdRd0R3WURWUjBUQVFIL0JBVXdBd0VCL3pBZEJnTlZIUTRFRmdRVVA1SGdQbVpMNFFIbApSV0l1WTFrL2Z1VW1CZmd3RFFZSktvWklodmNOQVFFTEJRQURnZ0VCQUVNQWVJMGJGd0plNGR0ZTE5N0xvdDZtClB4dlZzNU1UYmdDVERuU20zb3BRdFc5Y3R4YzkvZ21LVXprdEoyRkY5QTZyRHM1dzlhTGdsWm9SdzVzbzQwMEgKeWVTQkFFOENkMmttaTYyNHdxU3lSL2tBb0pJK0hSeWl1N1J5NEJYalFjQVFsSnVoelBGUng3dUJOL0dQT1pJWQpqckpSRUo4KzNNQjArKzhsUllTRGI2TmFJNmdBcGRCcjRFYWo3YmN3aHlrODlIaEZXSDBYc092aGNRcXMycnJHClcxczJrTTFKcEhWSlk2ZWdmbEZUejdDSDhNazVrU1l1d2dUSThETWYxUWExMGpKZEtreFZnUnRCdVNzUkV1OXIKOE1VQlppRTBCaStpbG00NGI2T0Rib2FGYU1Mb2o4SW8ycGVMQURyL2xzdXMrYmxwaktBSmFldEFJZmxIZmdZPQotLS0tLUVORCBDRVJUSUZJQ0FURS0tLS0tCg==\r\n    server: https://34.82.153.134\r\n  name: noteapp-cluster-prod\r\ncontexts:\r\n- context:\r\n    cluster: noteapp-cluster-prod\r\n    user: noteapp-cluster-prod\r\n  name: noteapp-cluster-prod\r\ncurrent-context: noteapp-cluster-prod\r\nkind: Config\r\npreferences: {}\r\nusers:\r\n- name: noteapp-cluster-prod\r\n  user:\r\n    token: ya29.a0AfH6SMCcWqJ93YgWvfIKmEcN6QsOhjVGC6SVIcSc5ml1JAUggpp5hX_rIQSPFWIQM6BDYdtq5sr3g0fRZ-P5rL1SqPJPbEOZYIWe1TPwZT1mVsz-ni8bYWSDIJs1SToh9awQKgNeNVNB3hRl03T6GRMq0RGTlg\r\n",
            "content_base64": null,
            "directory_permission": "0777",
            "file_permission": "0777",
            "filename": "kubeconfig-prod",
            "id": "14bb2131bef50ba134328d7069d4f271b88a0885",
            "sensitive_content": null,
            "source": null
          },
          "sensitive_attributes": [
            [
              {
                "type": "get_attr",
                "value": "content"
              }
            ]
          ],
          "private": "bnVsbA==",
          "dependencies": [
            "module.gcp-network.module.subnets.google_compute_subnetwork.subnetwork",
            "module.gcp-network.module.vpc.google_compute_network.network",
            "module.gke.data.google_client_config.default",
            "module.gke.data.google_compute_subnetwork.gke_subnetwork",
            "module.gke.data.google_compute_zones.available",
            "module.gke.data.google_container_engine_versions.region",
            "module.gke.data.google_container_engine_versions.zone",
            "module.gke.google_compute_firewall.intra_egress",
            "module.gke.google_compute_firewall.master_webhooks",
            "module.gke.google_compute_firewall.shadow_allow_master",
            "module.gke.google_compute_firewall.shadow_allow_nodes",
            "module.gke.google_compute_firewall.shadow_allow_pods",
            "module.gke.google_container_cluster.primary",
            "module.gke.google_container_node_pool.pools",
            "module.gke.google_project_iam_member.cluster_service_account-artifact-registry",
            "module.gke.google_project_iam_member.cluster_service_account-gcr",
            "module.gke.google_project_iam_member.cluster_service_account-log_writer",
            "module.gke.google_project_iam_member.cluster_service_account-metric_writer",
            "module.gke.google_project_iam_member.cluster_service_account-monitoring_viewer",
            "module.gke.google_project_iam_member.cluster_service_account-resourceMetadata-writer",
            "module.gke.google_service_account.cluster_service_account",
            "module.gke.kubernetes_config_map.ip-masq-agent",
            "module.gke.kubernetes_config_map.kube-dns",
            "module.gke.kubernetes_config_map.kube-dns-upstream-nameservers-and-stub-domains",
            "module.gke.kubernetes_config_map.kube-dns-upstream-namservers",
            "module.gke.module.gcloud_delete_default_kube_dns_configmap.module.gcloud_kubectl.data.external.env_override",
            "module.gke.module.gcloud_delete_default_kube_dns_configmap.module.gcloud_kubectl.null_resource.additional_components",
            "module.gke.module.gcloud_delete_default_kube_dns_configmap.module.gcloud_kubectl.null_resource.additional_components_destroy",
            "module.gke.module.gcloud_delete_default_kube_dns_configmap.module.gcloud_kubectl.null_resource.decompress",
            "module.gke.module.gcloud_delete_default_kube_dns_configmap.module.gcloud_kubectl.null_resource.decompress_destroy",
            "module.gke.module.gcloud_delete_default_kube_dns_configmap.module.gcloud_kubectl.null_resource.download_gcloud",
            "module.gke.module.gcloud_delete_default_kube_dns_configmap.module.gcloud_kubectl.null_resource.download_jq",
            "module.gke.module.gcloud_delete_default_kube_dns_configmap.module.gcloud_kubectl.null_resource.gcloud_auth_google_credentials",
            "module.gke.module.gcloud_delete_default_kube_dns_configmap.module.gcloud_kubectl.null_resource.gcloud_auth_google_credentials_destroy",
            "module.gke.module.gcloud_delete_default_kube_dns_configmap.module.gcloud_kubectl.null_resource.gcloud_auth_service_account_key_file",
            "module.gke.module.gcloud_delete_default_kube_dns_configmap.module.gcloud_kubectl.null_resource.gcloud_auth_service_account_key_file_destroy",
            "module.gke.module.gcloud_delete_default_kube_dns_configmap.module.gcloud_kubectl.null_resource.module_depends_on",
            "module.gke.module.gcloud_delete_default_kube_dns_configmap.module.gcloud_kubectl.null_resource.prepare_cache",
            "module.gke.module.gcloud_delete_default_kube_dns_configmap.module.gcloud_kubectl.null_resource.run_command",
            "module.gke.module.gcloud_delete_default_kube_dns_configmap.module.gcloud_kubectl.null_resource.run_destroy_command",
            "module.gke.module.gcloud_delete_default_kube_dns_configmap.module.gcloud_kubectl.null_resource.upgrade",
            "module.gke.module.gcloud_delete_default_kube_dns_configmap.module.gcloud_kubectl.null_resource.upgrade_destroy",
            "module.gke.module.gcloud_delete_default_kube_dns_configmap.module.gcloud_kubectl.random_id.cache",
            "module.gke.random_shuffle.available_zones",
            "module.gke.random_string.cluster_service_account_suffix",
            "module.gke_auth.data.google_client_config.provider",
            "module.gke_auth.data.google_container_cluster.gke_cluster",
            "module.gke_auth.data.template_file.kubeconfig"
          ]
        }
      ]
    },
    {
      "module": "module.gcp-network.module.subnets",
      "mode": "managed",
      "type": "google_compute_subnetwork",
      "name": "subnetwork",
      "provider": "provider[\"registry.terraform.io/hashicorp/google\"]",
      "instances": [
        {
          "index_key": "us-west1/gke-subnet-prod",
          "schema_version": 0,
          "attributes": {
            "creation_timestamp": "2021-04-18T11:42:01.859-07:00",
            "description": "",
            "fingerprint": null,
            "gateway_address": "10.10.0.1",
            "id": "projects/first-project-283919/regions/us-west1/subnetworks/gke-subnet-prod",
            "ip_cidr_range": "10.10.0.0/16",
            "log_config": [],
            "name": "gke-subnet-prod",
            "network": "https://www.googleapis.com/compute/v1/projects/first-project-283919/global/networks/gke-network-prod",
            "private_ip_google_access": false,
            "project": "first-project-283919",
            "region": "us-west1",
            "secondary_ip_range": [
              {
                "ip_cidr_range": "10.20.0.0/16",
                "range_name": "ip-range-pods"
              },
              {
                "ip_cidr_range": "10.30.0.0/16",
                "range_name": "ip-range-services"
              }
            ],
            "self_link": "https://www.googleapis.com/compute/v1/projects/first-project-283919/regions/us-west1/subnetworks/gke-subnet-prod",
            "timeouts": null
          },
          "sensitive_attributes": [],
          "private": "eyJlMmJmYjczMC1lY2FhLTExZTYtOGY4OC0zNDM2M2JjN2M0YzAiOnsiY3JlYXRlIjozNjAwMDAwMDAwMDAsImRlbGV0ZSI6MzYwMDAwMDAwMDAwLCJ1cGRhdGUiOjM2MDAwMDAwMDAwMH19",
          "dependencies": [
            "module.gcp-network.module.vpc.google_compute_network.network"
          ]
        }
      ]
    },
    {
      "module": "module.gcp-network.module.vpc",
      "mode": "managed",
      "type": "google_compute_network",
      "name": "network",
      "provider": "provider[\"registry.terraform.io/hashicorp/google\"]",
      "instances": [
        {
          "schema_version": 0,
          "attributes": {
            "auto_create_subnetworks": false,
            "delete_default_routes_on_create": false,
            "description": "",
            "gateway_ipv4": "",
            "id": "projects/first-project-283919/global/networks/gke-network-prod",
            "name": "gke-network-prod",
            "project": "first-project-283919",
            "routing_mode": "GLOBAL",
            "self_link": "https://www.googleapis.com/compute/v1/projects/first-project-283919/global/networks/gke-network-prod",
            "timeouts": null
          },
          "sensitive_attributes": [],
          "private": "eyJlMmJmYjczMC1lY2FhLTExZTYtOGY4OC0zNDM2M2JjN2M0YzAiOnsiY3JlYXRlIjoyNDAwMDAwMDAwMDAsImRlbGV0ZSI6MjQwMDAwMDAwMDAwLCJ1cGRhdGUiOjI0MDAwMDAwMDAwMH19"
        }
      ]
    },
    {
      "module": "module.gke",
      "mode": "data",
      "type": "google_client_config",
      "name": "default",
      "provider": "provider[\"registry.terraform.io/hashicorp/google\"]",
      "instances": [
        {
          "schema_version": 0,
          "attributes": {
            "access_token": "ya29.a0AfH6SMCsARAG3OJ1TBUpqI1e5VU0Je8PmJ9nDudyUmg83Qu9r8sDTUF5aRtZFWwEZRJyKLyBOeKbI9kEo0VLv-rX3R3MF63F0j_8jUnuuIACM5c-jnv0Lv2c8lt75lF1NzDNnd982j5dyOB2sRBc9u2tecFLew",
            "id": "projects//regions//zones/",
            "project": "",
            "region": "",
            "zone": ""
          },
          "sensitive_attributes": []
        }
      ]
    },
    {
      "module": "module.gke",
      "mode": "data",
      "type": "google_compute_zones",
      "name": "available",
      "provider": "provider[\"registry.terraform.io/hashicorp/google\"]",
      "instances": [
        {
          "schema_version": 0,
          "attributes": {
            "id": "projects/first-project-283919/regions/us-west1",
            "names": [
              "us-west1-a",
              "us-west1-b",
              "us-west1-c"
            ],
            "project": "first-project-283919",
            "region": "us-west1",
            "status": null
          },
          "sensitive_attributes": []
        }
      ]
    },
    {
      "module": "module.gke",
      "mode": "data",
      "type": "google_container_engine_versions",
      "name": "region",
      "provider": "provider[\"registry.terraform.io/hashicorp/google\"]",
      "instances": [
        {
          "schema_version": 0,
          "attributes": {
            "default_cluster_version": "1.17.17-gke.3000",
            "id": "2021-04-18 18:41:34.8067335 +0000 UTC",
            "latest_master_version": "1.19.8-gke.1600",
            "latest_node_version": "1.19.8-gke.1600",
            "location": "us-west1",
            "project": "first-project-283919",
            "release_channel_default_version": {
              "RAPID": "1.19.9-gke.100",
              "REGULAR": "1.18.16-gke.502",
              "STABLE": "1.17.17-gke.3000"
            },
            "valid_master_versions": [
              "1.19.8-gke.1600",
              "1.18.17-gke.700",
              "1.18.17-gke.100",
              "1.18.16-gke.2100",
              "1.18.16-gke.1201",
              "1.18.16-gke.502",
              "1.18.16-gke.302",
              "1.18.16-gke.300",
              "1.18.15-gke.1502",
              "1.18.15-gke.1501",
              "1.17.17-gke.5400",
              "1.17.17-gke.4900",
              "1.17.17-gke.4400",
              "1.17.17-gke.3700",
              "1.17.17-gke.3000",
              "1.17.17-gke.2800",
              "1.17.17-gke.1500",
              "1.17.17-gke.1101",
              "1.16.15-gke.14800",
              "1.16.15-gke.12500"
            ],
            "valid_node_versions": [
              "1.19.8-gke.1600",
              "1.18.17-gke.700",
              "1.18.17-gke.100",
              "1.18.16-gke.2100",
              "1.18.16-gke.1201",
              "1.18.16-gke.1200",
              "1.18.16-gke.502",
              "1.18.16-gke.500",
              "1.18.16-gke.302",
              "1.18.16-gke.300",
              "1.18.15-gke.2500",
              "1.18.15-gke.1502",
              "1.18.15-gke.1501",
              "1.18.15-gke.1500",
              "1.18.15-gke.1102",
              "1.18.15-gke.1100",
              "1.18.15-gke.800",
              "1.18.14-gke.1600",
              "1.18.14-gke.1200",
              "1.18.12-gke.1210",
              "1.18.12-gke.1206",
              "1.18.12-gke.1205",
              "1.18.12-gke.1201",
              "1.18.12-gke.1200",
              "1.18.12-gke.300",
              "1.18.10-gke.2701",
              "1.18.10-gke.2101",
              "1.18.10-gke.1500",
              "1.18.10-gke.601",
              "1.18.9-gke.2501",
              "1.18.9-gke.1501",
              "1.18.9-gke.801",
              "1.18.6-gke.4801",
              "1.18.6-gke.3504",
              "1.18.6-gke.3503",
              "1.17.17-gke.5400",
              "1.17.17-gke.4900",
              "1.17.17-gke.4400",
              "1.17.17-gke.3700",
              "1.17.17-gke.3000",
              "1.17.17-gke.2800",
              "1.17.17-gke.2500",
              "1.17.17-gke.1500",
              "1.17.17-gke.1101",
              "1.17.17-gke.1100",
              "1.17.17-gke.600",
              "1.17.16-gke.1600",
              "1.17.16-gke.1300",
              "1.17.15-gke.800",
              "1.17.15-gke.300",
              "1.17.14-gke.1600",
              "1.17.14-gke.1200",
              "1.17.14-gke.400",
              "1.17.13-gke.2600",
              "1.17.13-gke.2001",
              "1.17.13-gke.1401",
              "1.17.13-gke.1400",
              "1.17.13-gke.600",
              "1.17.12-gke.2502",
              "1.17.12-gke.1504",
              "1.17.12-gke.1501",
              "1.17.12-gke.500",
              "1.17.9-gke.6300",
              "1.17.9-gke.1504",
              "1.16.15-gke.14800",
              "1.16.15-gke.12500",
              "1.16.15-gke.11800",
              "1.16.15-gke.10600",
              "1.16.15-gke.7801",
              "1.16.15-gke.7800",
              "1.16.15-gke.7300",
              "1.16.15-gke.6900",
              "1.16.15-gke.6000",
              "1.16.15-gke.5500",
              "1.16.15-gke.4901",
              "1.16.15-gke.4301",
              "1.16.15-gke.4300",
              "1.16.15-gke.3500",
              "1.16.15-gke.2601",
              "1.16.15-gke.1600",
              "1.16.15-gke.500",
              "1.16.13-gke.404",
              "1.16.13-gke.403",
              "1.16.13-gke.401",
              "1.16.13-gke.400",
              "1.16.13-gke.1",
              "1.16.11-gke.5",
              "1.16.10-gke.8",
              "1.16.9-gke.6",
              "1.16.9-gke.2",
              "1.16.8-gke.15",
              "1.16.8-gke.12",
              "1.16.8-gke.9",
              "1.15.12-gke.6002",
              "1.15.12-gke.6001",
              "1.15.12-gke.5000",
              "1.15.12-gke.4002",
              "1.15.12-gke.4000",
              "1.15.12-gke.20",
              "1.15.12-gke.17",
              "1.15.12-gke.16",
              "1.15.12-gke.13",
              "1.15.12-gke.9",
              "1.15.12-gke.6",
              "1.15.12-gke.3",
              "1.15.12-gke.2",
              "1.15.11-gke.17",
              "1.15.11-gke.15",
              "1.15.11-gke.13",
              "1.15.11-gke.12",
              "1.15.11-gke.11",
              "1.15.11-gke.9",
              "1.15.11-gke.5",
              "1.15.11-gke.3",
              "1.15.11-gke.1",
              "1.15.9-gke.26",
              "1.15.9-gke.24",
              "1.15.9-gke.22",
              "1.15.9-gke.12",
              "1.15.9-gke.9",
              "1.15.9-gke.8",
              "1.15.8-gke.3",
              "1.15.8-gke.2",
              "1.15.7-gke.23",
              "1.15.7-gke.2",
              "1.15.4-gke.22",
              "1.14.10-gke.1504",
              "1.14.10-gke.902",
              "1.14.10-gke.50",
              "1.14.10-gke.46",
              "1.14.10-gke.45",
              "1.14.10-gke.42",
              "1.14.10-gke.41",
              "1.14.10-gke.40",
              "1.14.10-gke.37",
              "1.14.10-gke.36",
              "1.14.10-gke.34",
              "1.14.10-gke.32",
              "1.14.10-gke.31",
              "1.14.10-gke.27",
              "1.14.10-gke.24",
              "1.14.10-gke.22",
              "1.14.10-gke.21",
              "1.14.10-gke.17",
              "1.14.10-gke.0",
              "1.14.9-gke.23",
              "1.14.9-gke.2",
              "1.14.9-gke.0",
              "1.14.8-gke.33",
              "1.14.8-gke.21",
              "1.14.8-gke.18",
              "1.14.8-gke.17",
              "1.14.8-gke.14",
              "1.14.8-gke.12",
              "1.14.8-gke.7",
              "1.14.8-gke.2",
              "1.14.7-gke.40",
              "1.14.7-gke.25",
              "1.14.7-gke.23",
              "1.14.7-gke.17",
              "1.14.7-gke.14",
              "1.14.7-gke.10",
              "1.14.6-gke.13",
              "1.14.6-gke.2",
              "1.14.6-gke.1",
              "1.14.3-gke.11",
              "1.14.3-gke.10",
              "1.14.3-gke.9",
              "1.14.2-gke.9",
              "1.14.1-gke.5",
              "1.13.12-gke.30",
              "1.13.12-gke.25",
              "1.13.12-gke.17",
              "1.13.12-gke.16",
              "1.13.12-gke.14",
              "1.13.12-gke.13",
              "1.13.12-gke.10",
              "1.13.12-gke.8",
              "1.13.12-gke.4",
              "1.13.12-gke.2",
              "1.13.11-gke.23",
              "1.13.11-gke.15",
              "1.13.11-gke.14",
              "1.13.11-gke.12",
              "1.13.11-gke.11",
              "1.13.11-gke.9",
              "1.13.11-gke.5",
              "1.13.10-gke.7",
              "1.13.10-gke.0",
              "1.13.9-gke.11",
              "1.13.9-gke.3",
              "1.13.7-gke.24",
              "1.13.7-gke.19",
              "1.13.7-gke.15",
              "1.13.7-gke.8",
              "1.13.7-gke.0",
              "1.13.6-gke.13",
              "1.13.6-gke.6",
              "1.13.6-gke.5",
              "1.13.6-gke.0",
              "1.13.5-gke.10",
              "1.12.10-gke.22",
              "1.12.10-gke.20",
              "1.12.10-gke.19",
              "1.12.10-gke.18",
              "1.12.10-gke.17",
              "1.12.10-gke.15",
              "1.12.10-gke.13",
              "1.12.10-gke.11",
              "1.12.10-gke.5",
              "1.12.9-gke.16",
              "1.12.9-gke.15",
              "1.12.9-gke.13",
              "1.12.9-gke.10",
              "1.12.9-gke.7",
              "1.12.9-gke.3",
              "1.12.8-gke.12",
              "1.12.8-gke.10",
              "1.12.8-gke.7",
              "1.12.8-gke.6",
              "1.12.7-gke.26",
              "1.12.7-gke.25",
              "1.12.7-gke.24",
              "1.12.7-gke.22",
              "1.12.7-gke.21",
              "1.12.7-gke.17",
              "1.12.7-gke.10",
              "1.12.7-gke.7",
              "1.12.6-gke.11",
              "1.12.6-gke.10",
              "1.12.6-gke.7",
              "1.12.5-gke.10",
              "1.12.5-gke.5",
              "1.11.10-gke.6",
              "1.11.10-gke.5"
            ],
            "version_prefix": null
          },
          "sensitive_attributes": []
        }
      ]
    },
    {
      "module": "module.gke",
      "mode": "data",
      "type": "google_container_engine_versions",
      "name": "zone",
      "provider": "provider[\"registry.terraform.io/hashicorp/google\"]",
      "instances": [
        {
          "schema_version": 0,
          "attributes": {
            "default_cluster_version": "1.17.17-gke.2800",
            "id": "2021-04-18 18:41:35.5687737 +0000 UTC",
            "latest_master_version": "1.18.17-gke.100",
            "latest_node_version": "1.18.17-gke.100",
            "location": "us-west1-a",
            "project": "first-project-283919",
            "release_channel_default_version": {
              "RAPID": "1.19.8-gke.2000",
              "REGULAR": "1.18.16-gke.502",
              "STABLE": "1.17.17-gke.2800"
            },
            "valid_master_versions": [
              "1.18.17-gke.100",
              "1.18.16-gke.2100",
              "1.18.16-gke.1201",
              "1.18.16-gke.502",
              "1.18.16-gke.302",
              "1.18.16-gke.300",
              "1.18.15-gke.1502",
              "1.18.15-gke.1501",
              "1.17.17-gke.4900",
              "1.17.17-gke.4400",
              "1.17.17-gke.3700",
              "1.17.17-gke.3000",
              "1.17.17-gke.2800",
              "1.17.17-gke.1500",
              "1.17.17-gke.1101",
              "1.16.15-gke.14800",
              "1.16.15-gke.12500"
            ],
            "valid_node_versions": [
              "1.18.17-gke.100",
              "1.18.16-gke.2100",
              "1.18.16-gke.1201",
              "1.18.16-gke.1200",
              "1.18.16-gke.502",
              "1.18.16-gke.500",
              "1.18.16-gke.302",
              "1.18.16-gke.300",
              "1.18.15-gke.2500",
              "1.18.15-gke.1502",
              "1.18.15-gke.1501",
              "1.18.15-gke.1500",
              "1.18.15-gke.1102",
              "1.18.15-gke.1100",
              "1.18.15-gke.800",
              "1.18.14-gke.1600",
              "1.18.14-gke.1200",
              "1.18.12-gke.1210",
              "1.18.12-gke.1206",
              "1.18.12-gke.1205",
              "1.18.12-gke.1201",
              "1.18.12-gke.1200",
              "1.18.12-gke.300",
              "1.18.10-gke.2701",
              "1.18.10-gke.2101",
              "1.18.10-gke.1500",
              "1.18.10-gke.601",
              "1.18.9-gke.2501",
              "1.18.9-gke.1501",
              "1.18.9-gke.801",
              "1.18.6-gke.4801",
              "1.18.6-gke.3504",
              "1.18.6-gke.3503",
              "1.17.17-gke.4900",
              "1.17.17-gke.4400",
              "1.17.17-gke.3700",
              "1.17.17-gke.3000",
              "1.17.17-gke.2800",
              "1.17.17-gke.2500",
              "1.17.17-gke.1500",
              "1.17.17-gke.1101",
              "1.17.17-gke.1100",
              "1.17.17-gke.600",
              "1.17.16-gke.1600",
              "1.17.16-gke.1300",
              "1.17.15-gke.800",
              "1.17.15-gke.300",
              "1.17.14-gke.1600",
              "1.17.14-gke.1200",
              "1.17.14-gke.400",
              "1.17.13-gke.2600",
              "1.17.13-gke.2001",
              "1.17.13-gke.1401",
              "1.17.13-gke.1400",
              "1.17.13-gke.600",
              "1.17.12-gke.2502",
              "1.17.12-gke.1504",
              "1.17.12-gke.1501",
              "1.17.12-gke.500",
              "1.17.9-gke.6300",
              "1.17.9-gke.1504",
              "1.16.15-gke.14800",
              "1.16.15-gke.12500",
              "1.16.15-gke.11800",
              "1.16.15-gke.10600",
              "1.16.15-gke.7801",
              "1.16.15-gke.7800",
              "1.16.15-gke.7300",
              "1.16.15-gke.6900",
              "1.16.15-gke.6000",
              "1.16.15-gke.5500",
              "1.16.15-gke.4901",
              "1.16.15-gke.4301",
              "1.16.15-gke.4300",
              "1.16.15-gke.3500",
              "1.16.15-gke.2601",
              "1.16.15-gke.1600",
              "1.16.15-gke.500",
              "1.16.13-gke.404",
              "1.16.13-gke.403",
              "1.16.13-gke.401",
              "1.16.13-gke.400",
              "1.16.13-gke.1",
              "1.16.11-gke.5",
              "1.16.10-gke.8",
              "1.16.9-gke.6",
              "1.16.9-gke.2",
              "1.16.8-gke.15",
              "1.16.8-gke.12",
              "1.16.8-gke.9",
              "1.15.12-gke.6002",
              "1.15.12-gke.6001",
              "1.15.12-gke.5000",
              "1.15.12-gke.4002",
              "1.15.12-gke.4000",
              "1.15.12-gke.20",
              "1.15.12-gke.17",
              "1.15.12-gke.16",
              "1.15.12-gke.13",
              "1.15.12-gke.9",
              "1.15.12-gke.6",
              "1.15.12-gke.3",
              "1.15.12-gke.2",
              "1.15.11-gke.17",
              "1.15.11-gke.15",
              "1.15.11-gke.13",
              "1.15.11-gke.12",
              "1.15.11-gke.11",
              "1.15.11-gke.9",
              "1.15.11-gke.5",
              "1.15.11-gke.3",
              "1.15.11-gke.1",
              "1.15.9-gke.26",
              "1.15.9-gke.24",
              "1.15.9-gke.22",
              "1.15.9-gke.12",
              "1.15.9-gke.9",
              "1.15.9-gke.8",
              "1.15.8-gke.3",
              "1.15.8-gke.2",
              "1.15.7-gke.23",
              "1.15.7-gke.2",
              "1.15.4-gke.22",
              "1.14.10-gke.1504",
              "1.14.10-gke.902",
              "1.14.10-gke.50",
              "1.14.10-gke.46",
              "1.14.10-gke.45",
              "1.14.10-gke.42",
              "1.14.10-gke.41",
              "1.14.10-gke.40",
              "1.14.10-gke.37",
              "1.14.10-gke.36",
              "1.14.10-gke.34",
              "1.14.10-gke.32",
              "1.14.10-gke.31",
              "1.14.10-gke.27",
              "1.14.10-gke.24",
              "1.14.10-gke.22",
              "1.14.10-gke.21",
              "1.14.10-gke.17",
              "1.14.10-gke.0",
              "1.14.9-gke.23",
              "1.14.9-gke.2",
              "1.14.9-gke.0",
              "1.14.8-gke.33",
              "1.14.8-gke.21",
              "1.14.8-gke.18",
              "1.14.8-gke.17",
              "1.14.8-gke.14",
              "1.14.8-gke.12",
              "1.14.8-gke.7",
              "1.14.8-gke.2",
              "1.14.7-gke.40",
              "1.14.7-gke.25",
              "1.14.7-gke.23",
              "1.14.7-gke.17",
              "1.14.7-gke.14",
              "1.14.7-gke.10",
              "1.14.6-gke.13",
              "1.14.6-gke.2",
              "1.14.6-gke.1",
              "1.14.3-gke.11",
              "1.14.3-gke.10",
              "1.14.3-gke.9",
              "1.14.2-gke.9",
              "1.14.1-gke.5",
              "1.13.12-gke.30",
              "1.13.12-gke.25",
              "1.13.12-gke.17",
              "1.13.12-gke.16",
              "1.13.12-gke.14",
              "1.13.12-gke.13",
              "1.13.12-gke.10",
              "1.13.12-gke.8",
              "1.13.12-gke.4",
              "1.13.12-gke.2",
              "1.13.11-gke.23",
              "1.13.11-gke.15",
              "1.13.11-gke.14",
              "1.13.11-gke.12",
              "1.13.11-gke.11",
              "1.13.11-gke.9",
              "1.13.11-gke.5",
              "1.13.10-gke.7",
              "1.13.10-gke.0",
              "1.13.9-gke.11",
              "1.13.9-gke.3",
              "1.13.7-gke.24",
              "1.13.7-gke.19",
              "1.13.7-gke.15",
              "1.13.7-gke.8",
              "1.13.7-gke.0",
              "1.13.6-gke.13",
              "1.13.6-gke.6",
              "1.13.6-gke.5",
              "1.13.6-gke.0",
              "1.13.5-gke.10",
              "1.12.10-gke.22",
              "1.12.10-gke.20",
              "1.12.10-gke.19",
              "1.12.10-gke.18",
              "1.12.10-gke.17",
              "1.12.10-gke.15",
              "1.12.10-gke.13",
              "1.12.10-gke.11",
              "1.12.10-gke.5",
              "1.12.9-gke.16",
              "1.12.9-gke.15",
              "1.12.9-gke.13",
              "1.12.9-gke.10",
              "1.12.9-gke.7",
              "1.12.9-gke.3",
              "1.12.8-gke.12",
              "1.12.8-gke.10",
              "1.12.8-gke.7",
              "1.12.8-gke.6",
              "1.12.7-gke.26",
              "1.12.7-gke.25",
              "1.12.7-gke.24",
              "1.12.7-gke.22",
              "1.12.7-gke.21",
              "1.12.7-gke.17",
              "1.12.7-gke.10",
              "1.12.7-gke.7",
              "1.12.6-gke.11",
              "1.12.6-gke.10",
              "1.12.6-gke.7",
              "1.12.5-gke.10",
              "1.12.5-gke.5",
              "1.11.10-gke.6",
              "1.11.10-gke.5"
            ],
            "version_prefix": null
          },
          "sensitive_attributes": []
        }
      ]
    },
    {
      "module": "module.gke",
      "mode": "managed",
      "type": "google_container_cluster",
      "name": "primary",
      "provider": "provider[\"registry.terraform.io/hashicorp/google\"]",
      "instances": [
        {
          "schema_version": 1,
          "attributes": {
            "addons_config": [
              {
                "cloudrun_config": [],
                "horizontal_pod_autoscaling": [
                  {
                    "disabled": false
                  }
                ],
                "http_load_balancing": [
                  {
                    "disabled": false
                  }
                ],
                "network_policy_config": [
                  {
                    "disabled": true
                  }
                ]
              }
            ],
            "authenticator_groups_config": [],
            "cluster_autoscaling": [
              {
                "auto_provisioning_defaults": [],
                "enabled": false,
                "resource_limits": []
              }
            ],
            "cluster_ipv4_cidr": "10.20.0.0/16",
            "database_encryption": [
              {
                "key_name": "",
                "state": "DECRYPTED"
              }
            ],
            "default_max_pods_per_node": 110,
            "description": "",
            "enable_binary_authorization": false,
            "enable_intranode_visibility": null,
            "enable_kubernetes_alpha": false,
            "enable_legacy_abac": false,
            "enable_shielded_nodes": true,
            "enable_tpu": null,
            "endpoint": "34.82.153.134",
            "id": "projects/first-project-283919/locations/us-west1/clusters/noteapp-cluster-prod",
            "initial_node_count": 0,
            "instance_group_urls": [
              "https://www.googleapis.com/compute/v1/projects/first-project-283919/zones/us-west1-a/instanceGroups/gke-noteapp-cluster-prod-default-pool-e15f1cb2-grp",
              "https://www.googleapis.com/compute/v1/projects/first-project-283919/zones/us-west1-b/instanceGroups/gke-noteapp-cluster-prod-default-pool-5effd866-grp",
              "https://www.googleapis.com/compute/v1/projects/first-project-283919/zones/us-west1-c/instanceGroups/gke-noteapp-cluster-prod-default-pool-66195b6d-grp"
            ],
            "ip_allocation_policy": [
              {
                "cluster_ipv4_cidr_block": "10.20.0.0/16",
                "cluster_secondary_range_name": "ip-range-pods",
                "services_ipv4_cidr_block": "10.30.0.0/16",
                "services_secondary_range_name": "ip-range-services"
              }
            ],
            "label_fingerprint": "a9dc16a7",
            "location": "us-west1",
            "logging_service": "logging.googleapis.com/kubernetes",
            "maintenance_policy": [
              {
                "daily_maintenance_window": [
                  {
                    "duration": "PT4H0M0S",
                    "start_time": "05:00"
                  }
                ],
                "recurring_window": []
              }
            ],
            "master_auth": [
              {
                "client_certificate": "",
                "client_certificate_config": [
                  {
                    "issue_client_certificate": false
                  }
                ],
                "client_key": "",
                "cluster_ca_certificate": "LS0tLS1CRUdJTiBDRVJUSUZJQ0FURS0tLS0tCk1JSURLekNDQWhPZ0F3SUJBZ0lSQUtKcHV0T2xpRVZBdFZPWEFNeEtaRTB3RFFZSktvWklodmNOQVFFTEJRQXcKTHpFdE1Dc0dBMVVFQXhNa056UTNaak00TUdZdE1HWmhOaTAwTURrMUxUaG1PVFl0WXpobE1EYzNNVFUwTkdSaApNQjRYRFRJeE1EUXhPREUzTkRJeU4xb1hEVEkyTURReE56RTROREl5TjFvd0x6RXRNQ3NHQTFVRUF4TWtOelEzClpqTTRNR1l0TUdaaE5pMDBNRGsxTFRobU9UWXRZemhsTURjM01UVTBOR1JoTUlJQklqQU5CZ2txaGtpRzl3MEIKQVFFRkFBT0NBUThBTUlJQkNnS0NBUUVBdFVMdXc0Ymc2Q1ZZdFdoRy91ejI0U3Z3alR2WGxoQkNyTDQ2clZuRwpuSXluMmgveFFqMWhOanJMcG1Yby9tb1VuaytwZ1RCTWFhM01GUHBoYWRwNWpXNUtLeW4xQTFGYVJFNjVoU2xmCjl2bGx6YW9ycTNjY3FuVDJOQnBZc293bHdvVnJMcHFDWWNMdmpVdVAxbVBkSm9ReUExbStzOUZaMWxnbnBuNHgKWUdwSncxQ2ZlNTVpYk1GSWdGWkdkRXU1OVB0Wi9MTHdtY0hHRmRtZlQ4VUdqVHZuakczeDhSdmlsM0FyV3JlNAp6eDRvcjlySG1WL3hCTzBmR0U3TG8wSHlpNXFPSlJUd00yZHNwUCswM2JoQUYyTmY0NUZueXJ0bm53MDIrVlh5CkNxcmo4UGt1ZlhXZjgwTUxRcGhBRlNqdllCK21sM21QSXBKRVg5T0cySjQ0bVFJREFRQUJvMEl3UURBT0JnTlYKSFE4QkFmOEVCQU1DQWdRd0R3WURWUjBUQVFIL0JBVXdBd0VCL3pBZEJnTlZIUTRFRmdRVVA1SGdQbVpMNFFIbApSV0l1WTFrL2Z1VW1CZmd3RFFZSktvWklodmNOQVFFTEJRQURnZ0VCQUVNQWVJMGJGd0plNGR0ZTE5N0xvdDZtClB4dlZzNU1UYmdDVERuU20zb3BRdFc5Y3R4YzkvZ21LVXprdEoyRkY5QTZyRHM1dzlhTGdsWm9SdzVzbzQwMEgKeWVTQkFFOENkMmttaTYyNHdxU3lSL2tBb0pJK0hSeWl1N1J5NEJYalFjQVFsSnVoelBGUng3dUJOL0dQT1pJWQpqckpSRUo4KzNNQjArKzhsUllTRGI2TmFJNmdBcGRCcjRFYWo3YmN3aHlrODlIaEZXSDBYc092aGNRcXMycnJHClcxczJrTTFKcEhWSlk2ZWdmbEZUejdDSDhNazVrU1l1d2dUSThETWYxUWExMGpKZEtreFZnUnRCdVNzUkV1OXIKOE1VQlppRTBCaStpbG00NGI2T0Rib2FGYU1Mb2o4SW8ycGVMQURyL2xzdXMrYmxwaktBSmFldEFJZmxIZmdZPQotLS0tLUVORCBDRVJUSUZJQ0FURS0tLS0tCg==",
                "password": "",
                "username": ""
              }
            ],
            "master_authorized_networks_config": [],
            "master_version": "1.19.8-gke.1600",
            "min_master_version": "1.19.8-gke.1600",
            "monitoring_service": "monitoring.googleapis.com/kubernetes",
            "name": "noteapp-cluster-prod",
            "network": "projects/first-project-283919/global/networks/gke-network-prod",
            "network_policy": [
              {
                "enabled": false,
                "provider": "PROVIDER_UNSPECIFIED"
              }
            ],
            "node_config": [
              {
                "disk_size_gb": 100,
                "disk_type": "pd-standard",
                "guest_accelerator": [],
                "image_type": "COS_CONTAINERD",
                "labels": {},
                "local_ssd_count": 0,
                "machine_type": "e2-medium",
                "metadata": {
                  "disable-legacy-endpoints": "true"
                },
                "min_cpu_platform": "",
                "oauth_scopes": [
                  "https://www.googleapis.com/auth/logging.write",
                  "https://www.googleapis.com/auth/monitoring"
                ],
                "preemptible": false,
                "service_account": "tf-gke-noteapp-cluster-grdd@first-project-283919.iam.gserviceaccount.com",
                "shielded_instance_config": [
                  {
                    "enable_integrity_monitoring": true,
                    "enable_secure_boot": false
                  }
                ],
                "tags": [],
                "taint": [],
                "workload_metadata_config": [
                  {
                    "node_metadata": "GKE_METADATA_SERVER"
                  }
                ]
              }
            ],
            "node_locations": [
              "us-west1-a",
              "us-west1-b",
              "us-west1-c"
            ],
            "node_pool": [
              {
                "autoscaling": [],
                "initial_node_count": 0,
                "instance_group_urls": [
                  "https://www.googleapis.com/compute/v1/projects/first-project-283919/zones/us-west1-a/instanceGroupManagers/gke-noteapp-cluster-prod-default-pool-e15f1cb2-grp",
                  "https://www.googleapis.com/compute/v1/projects/first-project-283919/zones/us-west1-b/instanceGroupManagers/gke-noteapp-cluster-prod-default-pool-5effd866-grp",
                  "https://www.googleapis.com/compute/v1/projects/first-project-283919/zones/us-west1-c/instanceGroupManagers/gke-noteapp-cluster-prod-default-pool-66195b6d-grp"
                ],
                "management": [
                  {
                    "auto_repair": true,
                    "auto_upgrade": true
                  }
                ],
                "max_pods_per_node": 110,
                "name": "default-pool",
                "name_prefix": "",
                "node_config": [
                  {
                    "disk_size_gb": 100,
                    "disk_type": "pd-standard",
                    "guest_accelerator": [],
                    "image_type": "COS_CONTAINERD",
                    "labels": {},
                    "local_ssd_count": 0,
                    "machine_type": "e2-medium",
                    "metadata": {
                      "disable-legacy-endpoints": "true"
                    },
                    "min_cpu_platform": "",
                    "oauth_scopes": [
                      "https://www.googleapis.com/auth/logging.write",
                      "https://www.googleapis.com/auth/monitoring"
                    ],
                    "preemptible": false,
                    "service_account": "tf-gke-noteapp-cluster-grdd@first-project-283919.iam.gserviceaccount.com",
                    "shielded_instance_config": [
                      {
                        "enable_integrity_monitoring": true,
                        "enable_secure_boot": false
                      }
                    ],
                    "tags": null,
                    "taint": [],
                    "workload_metadata_config": [
                      {
                        "node_metadata": "GKE_METADATA_SERVER"
                      }
                    ]
                  }
                ],
                "node_count": 0,
                "node_locations": [
                  "us-west1-a",
                  "us-west1-b",
                  "us-west1-c"
                ],
                "upgrade_settings": [
                  {
                    "max_surge": 1,
                    "max_unavailable": 0
                  }
                ],
                "version": "1.19.8-gke.1600"
              }
            ],
            "node_version": "1.19.8-gke.1600",
            "operation": null,
            "pod_security_policy_config": [],
            "private_cluster_config": [],
            "project": "first-project-283919",
            "release_channel": [
              {
                "channel": "UNSPECIFIED"
              }
            ],
            "remove_default_node_pool": false,
            "resource_labels": null,
            "resource_usage_export_config": [],
            "self_link": "https://container.googleapis.com/v1beta1/projects/first-project-283919/locations/us-west1/clusters/noteapp-cluster-prod",
            "services_ipv4_cidr": "10.30.0.0/16",
            "subnetwork": "projects/first-project-283919/regions/us-west1/subnetworks/gke-subnet-prod",
            "timeouts": {
              "create": "45m",
              "delete": "45m",
              "read": null,
              "update": "45m"
            },
            "vertical_pod_autoscaling": [
              {
                "enabled": false
              }
            ],
            "workload_identity_config": [
              {
                "identity_namespace": "first-project-283919.svc.id.goog"
              }
            ]
          },
          "sensitive_attributes": [],
          "private": "eyJlMmJmYjczMC1lY2FhLTExZTYtOGY4OC0zNDM2M2JjN2M0YzAiOnsiY3JlYXRlIjoyNzAwMDAwMDAwMDAwLCJkZWxldGUiOjI3MDAwMDAwMDAwMDAsInJlYWQiOjI0MDAwMDAwMDAwMDAsInVwZGF0ZSI6MjcwMDAwMDAwMDAwMH0sInNjaGVtYV92ZXJzaW9uIjoiMSJ9",
          "dependencies": [
            "module.gcp-network.module.subnets.google_compute_subnetwork.subnetwork",
            "module.gcp-network.module.vpc.google_compute_network.network",
            "module.gke.data.google_compute_zones.available",
            "module.gke.data.google_container_engine_versions.region",
            "module.gke.data.google_container_engine_versions.zone",
            "module.gke.google_service_account.cluster_service_account",
            "module.gke.random_shuffle.available_zones",
            "module.gke.random_string.cluster_service_account_suffix"
          ]
        }
      ]
    },
    {
      "module": "module.gke",
      "mode": "managed",
      "type": "google_container_node_pool",
      "name": "pools",
      "provider": "provider[\"registry.terraform.io/hashicorp/google\"]",
      "instances": [
        {
          "index_key": "node-pool",
          "schema_version": 1,
          "attributes": {
            "autoscaling": [
              {
                "max_node_count": 2,
                "min_node_count": 1
              }
            ],
            "cluster": "noteapp-cluster-prod",
            "id": "projects/first-project-283919/locations/us-west1/clusters/noteapp-cluster-prod/nodePools/node-pool",
            "initial_node_count": 1,
            "instance_group_urls": [
              "https://www.googleapis.com/compute/v1/projects/first-project-283919/zones/us-west1-a/instanceGroupManagers/gke-noteapp-cluster-prod-node-pool-5eafe7bd-grp",
              "https://www.googleapis.com/compute/v1/projects/first-project-283919/zones/us-west1-b/instanceGroupManagers/gke-noteapp-cluster-prod-node-pool-4ba30276-grp",
              "https://www.googleapis.com/compute/v1/projects/first-project-283919/zones/us-west1-c/instanceGroupManagers/gke-noteapp-cluster-prod-node-pool-77efe29b-grp"
            ],
            "location": "us-west1",
            "management": [
              {
                "auto_repair": true,
                "auto_upgrade": true
              }
            ],
            "max_pods_per_node": 110,
            "name": "node-pool",
            "name_prefix": "",
            "node_config": [
              {
                "disk_size_gb": 30,
                "disk_type": "pd-standard",
                "guest_accelerator": [],
                "image_type": "COS",
                "labels": {
                  "cluster_name": "noteapp-cluster-prod",
                  "node_pool": "node-pool"
                },
                "local_ssd_count": 0,
                "machine_type": "e2-medium",
                "metadata": {
                  "cluster_name": "noteapp-cluster-prod",
                  "disable-legacy-endpoints": "true",
                  "node_pool": "node-pool"
                },
                "min_cpu_platform": "",
                "oauth_scopes": [
                  "https://www.googleapis.com/auth/cloud-platform"
                ],
                "preemptible": false,
                "service_account": "tf-gke-noteapp-cluster-grdd@first-project-283919.iam.gserviceaccount.com",
                "shielded_instance_config": [
                  {
                    "enable_integrity_monitoring": true,
                    "enable_secure_boot": false
                  }
                ],
                "tags": [
                  "gke-noteapp-cluster-prod",
                  "gke-noteapp-cluster-prod-node-pool"
                ],
                "taint": [],
                "workload_metadata_config": [
                  {
                    "node_metadata": "GKE_METADATA_SERVER"
                  }
                ]
              }
            ],
            "node_count": 1,
            "node_locations": [
              "us-west1-a",
              "us-west1-b",
              "us-west1-c"
            ],
            "project": "first-project-283919",
            "timeouts": {
              "create": "45m",
              "delete": "45m",
              "update": "45m"
            },
            "upgrade_settings": [
              {
                "max_surge": 1,
                "max_unavailable": 0
              }
            ],
            "version": "1.19.8-gke.1600"
          },
          "sensitive_attributes": [],
          "private": "eyJlMmJmYjczMC1lY2FhLTExZTYtOGY4OC0zNDM2M2JjN2M0YzAiOnsiY3JlYXRlIjoyNzAwMDAwMDAwMDAwLCJkZWxldGUiOjI3MDAwMDAwMDAwMDAsInVwZGF0ZSI6MjcwMDAwMDAwMDAwMH0sInNjaGVtYV92ZXJzaW9uIjoiMSJ9",
          "dependencies": [
            "module.gcp-network.module.subnets.google_compute_subnetwork.subnetwork",
            "module.gcp-network.module.vpc.google_compute_network.network",
            "module.gke.data.google_compute_zones.available",
            "module.gke.data.google_container_engine_versions.region",
            "module.gke.data.google_container_engine_versions.zone",
            "module.gke.google_container_cluster.primary",
            "module.gke.google_service_account.cluster_service_account",
            "module.gke.random_shuffle.available_zones",
            "module.gke.random_string.cluster_service_account_suffix"
          ]
        }
      ]
    },
    {
      "module": "module.gke",
      "mode": "managed",
      "type": "google_project_iam_member",
      "name": "cluster_service_account-log_writer",
      "provider": "provider[\"registry.terraform.io/hashicorp/google\"]",
      "instances": [
        {
          "index_key": 0,
          "schema_version": 0,
          "attributes": {
            "condition": [],
            "etag": "BwXAQ5FvrOA=",
            "id": "first-project-283919/roles/logging.logWriter/serviceaccount:tf-gke-noteapp-cluster-grdd@first-project-283919.iam.gserviceaccount.com",
            "member": "serviceAccount:tf-gke-noteapp-cluster-grdd@first-project-283919.iam.gserviceaccount.com",
            "project": "first-project-283919",
            "role": "roles/logging.logWriter"
          },
          "sensitive_attributes": [],
          "private": "bnVsbA==",
          "dependencies": [
            "module.gke.google_service_account.cluster_service_account",
            "module.gke.random_string.cluster_service_account_suffix"
          ]
        }
      ]
    },
    {
      "module": "module.gke",
      "mode": "managed",
      "type": "google_project_iam_member",
      "name": "cluster_service_account-metric_writer",
      "provider": "provider[\"registry.terraform.io/hashicorp/google\"]",
      "instances": [
        {
          "index_key": 0,
          "schema_version": 0,
          "attributes": {
            "condition": [],
            "etag": "BwXAQ5JlfcE=",
            "id": "first-project-283919/roles/monitoring.metricWriter/serviceaccount:tf-gke-noteapp-cluster-grdd@first-project-283919.iam.gserviceaccount.com",
            "member": "serviceAccount:tf-gke-noteapp-cluster-grdd@first-project-283919.iam.gserviceaccount.com",
            "project": "first-project-283919",
            "role": "roles/monitoring.metricWriter"
          },
          "sensitive_attributes": [],
          "private": "bnVsbA==",
          "dependencies": [
            "module.gke.google_project_iam_member.cluster_service_account-log_writer",
            "module.gke.google_service_account.cluster_service_account",
            "module.gke.random_string.cluster_service_account_suffix"
          ]
        }
      ]
    },
    {
      "module": "module.gke",
      "mode": "managed",
      "type": "google_project_iam_member",
      "name": "cluster_service_account-monitoring_viewer",
      "provider": "provider[\"registry.terraform.io/hashicorp/google\"]",
      "instances": [
        {
          "index_key": 0,
          "schema_version": 0,
          "attributes": {
            "condition": [],
            "etag": "BwXAQ5Na5vc=",
            "id": "first-project-283919/roles/monitoring.viewer/serviceaccount:tf-gke-noteapp-cluster-grdd@first-project-283919.iam.gserviceaccount.com",
            "member": "serviceAccount:tf-gke-noteapp-cluster-grdd@first-project-283919.iam.gserviceaccount.com",
            "project": "first-project-283919",
            "role": "roles/monitoring.viewer"
          },
          "sensitive_attributes": [],
          "private": "bnVsbA==",
          "dependencies": [
            "module.gke.google_project_iam_member.cluster_service_account-log_writer",
            "module.gke.google_project_iam_member.cluster_service_account-metric_writer",
            "module.gke.google_service_account.cluster_service_account",
            "module.gke.random_string.cluster_service_account_suffix"
          ]
        }
      ]
    },
    {
      "module": "module.gke",
      "mode": "managed",
      "type": "google_project_iam_member",
      "name": "cluster_service_account-resourceMetadata-writer",
      "provider": "provider[\"registry.terraform.io/hashicorp/google\"]",
      "instances": [
        {
          "index_key": 0,
          "schema_version": 0,
          "attributes": {
            "condition": [],
            "etag": "BwXAQ5RZOaU=",
            "id": "first-project-283919/roles/stackdriver.resourceMetadata.writer/serviceaccount:tf-gke-noteapp-cluster-grdd@first-project-283919.iam.gserviceaccount.com",
            "member": "serviceAccount:tf-gke-noteapp-cluster-grdd@first-project-283919.iam.gserviceaccount.com",
            "project": "first-project-283919",
            "role": "roles/stackdriver.resourceMetadata.writer"
          },
          "sensitive_attributes": [],
          "private": "bnVsbA==",
          "dependencies": [
            "module.gke.google_project_iam_member.cluster_service_account-log_writer",
            "module.gke.google_project_iam_member.cluster_service_account-metric_writer",
            "module.gke.google_project_iam_member.cluster_service_account-monitoring_viewer",
            "module.gke.google_service_account.cluster_service_account",
            "module.gke.random_string.cluster_service_account_suffix"
          ]
        }
      ]
    },
    {
      "module": "module.gke",
      "mode": "managed",
      "type": "google_service_account",
      "name": "cluster_service_account",
      "provider": "provider[\"registry.terraform.io/hashicorp/google\"]",
      "instances": [
        {
          "index_key": 0,
          "schema_version": 0,
          "attributes": {
            "account_id": "tf-gke-noteapp-cluster-grdd",
            "description": "",
            "display_name": "Terraform-managed service account for cluster noteapp-cluster-prod",
            "email": "tf-gke-noteapp-cluster-grdd@first-project-283919.iam.gserviceaccount.com",
            "id": "projects/first-project-283919/serviceAccounts/tf-gke-noteapp-cluster-grdd@first-project-283919.iam.gserviceaccount.com",
            "name": "projects/first-project-283919/serviceAccounts/tf-gke-noteapp-cluster-grdd@first-project-283919.iam.gserviceaccount.com",
            "project": "first-project-283919",
            "timeouts": null,
            "unique_id": "112041705841306129850"
          },
          "sensitive_attributes": [],
          "private": "eyJlMmJmYjczMC1lY2FhLTExZTYtOGY4OC0zNDM2M2JjN2M0YzAiOnsiY3JlYXRlIjozMDAwMDAwMDAwMDB9fQ==",
          "dependencies": [
            "module.gke.random_string.cluster_service_account_suffix"
          ]
        }
      ]
    },
    {
      "module": "module.gke",
      "mode": "managed",
      "type": "random_shuffle",
      "name": "available_zones",
      "provider": "provider[\"registry.terraform.io/hashicorp/random\"]",
      "instances": [
        {
          "schema_version": 0,
          "attributes": {
            "id": "-",
            "input": [
              "us-west1-a",
              "us-west1-b",
              "us-west1-c"
            ],
            "keepers": null,
            "result": [
              "us-west1-a",
              "us-west1-c",
              "us-west1-b"
            ],
            "result_count": 3,
            "seed": null
          },
          "sensitive_attributes": [],
          "private": "bnVsbA==",
          "dependencies": [
            "module.gke.data.google_compute_zones.available"
          ]
        }
      ]
    },
    {
      "module": "module.gke",
      "mode": "managed",
      "type": "random_string",
      "name": "cluster_service_account_suffix",
      "provider": "provider[\"registry.terraform.io/hashicorp/random\"]",
      "instances": [
        {
          "schema_version": 1,
          "attributes": {
            "id": "grdd",
            "keepers": null,
            "length": 4,
            "lower": true,
            "min_lower": 0,
            "min_numeric": 0,
            "min_special": 0,
            "min_upper": 0,
            "number": true,
            "override_special": null,
            "result": "grdd",
            "special": false,
            "upper": false
          },
          "sensitive_attributes": [],
          "private": "eyJzY2hlbWFfdmVyc2lvbiI6IjEifQ=="
        }
      ]
    },
    {
      "module": "module.gke.module.gcloud_delete_default_kube_dns_configmap.module.gcloud_kubectl",
      "mode": "managed",
      "type": "null_resource",
      "name": "module_depends_on",
      "provider": "provider[\"registry.terraform.io/hashicorp/null\"]",
      "instances": [
        {
          "index_key": 0,
          "schema_version": 0,
          "attributes": {
            "id": "6906708176026419832",
            "triggers": {
              "value": "3"
            }
          },
          "sensitive_attributes": [],
          "private": "bnVsbA==",
          "dependencies": [
            "module.gcp-network.module.subnets.google_compute_subnetwork.subnetwork",
            "module.gcp-network.module.vpc.google_compute_network.network",
            "module.gke.data.google_client_config.default",
            "module.gke.data.google_compute_zones.available",
            "module.gke.data.google_container_engine_versions.region",
            "module.gke.data.google_container_engine_versions.zone",
            "module.gke.google_container_cluster.primary",
            "module.gke.google_container_node_pool.pools",
            "module.gke.google_service_account.cluster_service_account",
            "module.gke.random_shuffle.available_zones",
            "module.gke.random_string.cluster_service_account_suffix"
          ]
        }
      ]
    },
    {
      "module": "module.gke_auth",
      "mode": "data",
      "type": "google_client_config",
      "name": "provider",
      "provider": "provider[\"registry.terraform.io/hashicorp/google\"]",
      "instances": [
        {
          "schema_version": 0,
          "attributes": {
            "access_token": "ya29.a0AfH6SMCcWqJ93YgWvfIKmEcN6QsOhjVGC6SVIcSc5ml1JAUggpp5hX_rIQSPFWIQM6BDYdtq5sr3g0fRZ-P5rL1SqPJPbEOZYIWe1TPwZT1mVsz-ni8bYWSDIJs1SToh9awQKgNeNVNB3hRl03T6GRMq0RGTlg",
            "id": "projects//regions//zones/",
            "project": "",
            "region": "",
            "zone": ""
          },
          "sensitive_attributes": []
        }
      ]
    },
    {
      "module": "module.gke_auth",
      "mode": "data",
      "type": "google_container_cluster",
      "name": "gke_cluster",
      "provider": "provider[\"registry.terraform.io/hashicorp/google\"]",
      "instances": [
        {
          "schema_version": 0,
          "attributes": {
            "addons_config": [
              {
                "cloudrun_config": [],
                "horizontal_pod_autoscaling": [
                  {
                    "disabled": false
                  }
                ],
                "http_load_balancing": [
                  {
                    "disabled": false
                  }
                ],
                "network_policy_config": [
                  {
                    "disabled": true
                  }
                ]
              }
            ],
            "authenticator_groups_config": [],
            "cluster_autoscaling": [
              {
                "auto_provisioning_defaults": [],
                "enabled": false,
                "resource_limits": []
              }
            ],
            "cluster_ipv4_cidr": "10.20.0.0/16",
            "database_encryption": [
              {
                "key_name": "",
                "state": "DECRYPTED"
              }
            ],
            "default_max_pods_per_node": 110,
            "description": "",
            "enable_binary_authorization": false,
            "enable_intranode_visibility": null,
            "enable_kubernetes_alpha": false,
            "enable_legacy_abac": false,
            "enable_shielded_nodes": true,
            "enable_tpu": null,
            "endpoint": "34.82.153.134",
            "id": "projects/first-project-283919/locations/us-west1/clusters/noteapp-cluster-prod",
            "initial_node_count": 0,
            "instance_group_urls": [
              "https://www.googleapis.com/compute/v1/projects/first-project-283919/zones/us-west1-a/instanceGroups/gke-noteapp-cluster-prod-default-pool-e15f1cb2-grp",
              "https://www.googleapis.com/compute/v1/projects/first-project-283919/zones/us-west1-b/instanceGroups/gke-noteapp-cluster-prod-default-pool-5effd866-grp",
              "https://www.googleapis.com/compute/v1/projects/first-project-283919/zones/us-west1-c/instanceGroups/gke-noteapp-cluster-prod-default-pool-66195b6d-grp",
              "https://www.googleapis.com/compute/v1/projects/first-project-283919/zones/us-west1-a/instanceGroups/gke-noteapp-cluster-prod-node-pool-5eafe7bd-grp",
              "https://www.googleapis.com/compute/v1/projects/first-project-283919/zones/us-west1-b/instanceGroups/gke-noteapp-cluster-prod-node-pool-4ba30276-grp",
              "https://www.googleapis.com/compute/v1/projects/first-project-283919/zones/us-west1-c/instanceGroups/gke-noteapp-cluster-prod-node-pool-77efe29b-grp"
            ],
            "ip_allocation_policy": [
              {
                "cluster_ipv4_cidr_block": "10.20.0.0/16",
                "cluster_secondary_range_name": "ip-range-pods",
                "services_ipv4_cidr_block": "10.30.0.0/16",
                "services_secondary_range_name": "ip-range-services"
              }
            ],
            "label_fingerprint": "a9dc16a7",
            "location": "us-west1",
            "logging_service": "logging.googleapis.com/kubernetes",
            "maintenance_policy": [
              {
                "daily_maintenance_window": [
                  {
                    "duration": "PT4H0M0S",
                    "start_time": "05:00"
                  }
                ],
                "recurring_window": []
              }
            ],
            "master_auth": [
              {
                "client_certificate": "",
                "client_certificate_config": [
                  {
                    "issue_client_certificate": false
                  }
                ],
                "client_key": "",
                "cluster_ca_certificate": "LS0tLS1CRUdJTiBDRVJUSUZJQ0FURS0tLS0tCk1JSURLekNDQWhPZ0F3SUJBZ0lSQUtKcHV0T2xpRVZBdFZPWEFNeEtaRTB3RFFZSktvWklodmNOQVFFTEJRQXcKTHpFdE1Dc0dBMVVFQXhNa056UTNaak00TUdZdE1HWmhOaTAwTURrMUxUaG1PVFl0WXpobE1EYzNNVFUwTkdSaApNQjRYRFRJeE1EUXhPREUzTkRJeU4xb1hEVEkyTURReE56RTROREl5TjFvd0x6RXRNQ3NHQTFVRUF4TWtOelEzClpqTTRNR1l0TUdaaE5pMDBNRGsxTFRobU9UWXRZemhsTURjM01UVTBOR1JoTUlJQklqQU5CZ2txaGtpRzl3MEIKQVFFRkFBT0NBUThBTUlJQkNnS0NBUUVBdFVMdXc0Ymc2Q1ZZdFdoRy91ejI0U3Z3alR2WGxoQkNyTDQ2clZuRwpuSXluMmgveFFqMWhOanJMcG1Yby9tb1VuaytwZ1RCTWFhM01GUHBoYWRwNWpXNUtLeW4xQTFGYVJFNjVoU2xmCjl2bGx6YW9ycTNjY3FuVDJOQnBZc293bHdvVnJMcHFDWWNMdmpVdVAxbVBkSm9ReUExbStzOUZaMWxnbnBuNHgKWUdwSncxQ2ZlNTVpYk1GSWdGWkdkRXU1OVB0Wi9MTHdtY0hHRmRtZlQ4VUdqVHZuakczeDhSdmlsM0FyV3JlNAp6eDRvcjlySG1WL3hCTzBmR0U3TG8wSHlpNXFPSlJUd00yZHNwUCswM2JoQUYyTmY0NUZueXJ0bm53MDIrVlh5CkNxcmo4UGt1ZlhXZjgwTUxRcGhBRlNqdllCK21sM21QSXBKRVg5T0cySjQ0bVFJREFRQUJvMEl3UURBT0JnTlYKSFE4QkFmOEVCQU1DQWdRd0R3WURWUjBUQVFIL0JBVXdBd0VCL3pBZEJnTlZIUTRFRmdRVVA1SGdQbVpMNFFIbApSV0l1WTFrL2Z1VW1CZmd3RFFZSktvWklodmNOQVFFTEJRQURnZ0VCQUVNQWVJMGJGd0plNGR0ZTE5N0xvdDZtClB4dlZzNU1UYmdDVERuU20zb3BRdFc5Y3R4YzkvZ21LVXprdEoyRkY5QTZyRHM1dzlhTGdsWm9SdzVzbzQwMEgKeWVTQkFFOENkMmttaTYyNHdxU3lSL2tBb0pJK0hSeWl1N1J5NEJYalFjQVFsSnVoelBGUng3dUJOL0dQT1pJWQpqckpSRUo4KzNNQjArKzhsUllTRGI2TmFJNmdBcGRCcjRFYWo3YmN3aHlrODlIaEZXSDBYc092aGNRcXMycnJHClcxczJrTTFKcEhWSlk2ZWdmbEZUejdDSDhNazVrU1l1d2dUSThETWYxUWExMGpKZEtreFZnUnRCdVNzUkV1OXIKOE1VQlppRTBCaStpbG00NGI2T0Rib2FGYU1Mb2o4SW8ycGVMQURyL2xzdXMrYmxwaktBSmFldEFJZmxIZmdZPQotLS0tLUVORCBDRVJUSUZJQ0FURS0tLS0tCg==",
                "password": "",
                "username": ""
              }
            ],
            "master_authorized_networks_config": [],
            "master_version": "1.19.8-gke.1600",
            "min_master_version": null,
            "monitoring_service": "monitoring.googleapis.com/kubernetes",
            "name": "noteapp-cluster-prod",
            "network": "projects/first-project-283919/global/networks/gke-network-prod",
            "network_policy": [
              {
                "enabled": false,
                "provider": "PROVIDER_UNSPECIFIED"
              }
            ],
            "node_config": [
              {
                "disk_size_gb": 100,
                "disk_type": "pd-standard",
                "guest_accelerator": [],
                "image_type": "COS_CONTAINERD",
                "labels": {},
                "local_ssd_count": 0,
                "machine_type": "e2-medium",
                "metadata": {
                  "disable-legacy-endpoints": "true"
                },
                "min_cpu_platform": "",
                "oauth_scopes": [
                  "https://www.googleapis.com/auth/logging.write",
                  "https://www.googleapis.com/auth/monitoring"
                ],
                "preemptible": false,
                "service_account": "tf-gke-noteapp-cluster-grdd@first-project-283919.iam.gserviceaccount.com",
                "shielded_instance_config": [
                  {
                    "enable_integrity_monitoring": true,
                    "enable_secure_boot": false
                  }
                ],
                "tags": [],
                "taint": [],
                "workload_metadata_config": [
                  {
                    "node_metadata": "GKE_METADATA_SERVER"
                  }
                ]
              }
            ],
            "node_locations": [
              "us-west1-a",
              "us-west1-b",
              "us-west1-c"
            ],
            "node_pool": [
              {
                "autoscaling": [],
                "initial_node_count": 0,
                "instance_group_urls": [
                  "https://www.googleapis.com/compute/v1/projects/first-project-283919/zones/us-west1-a/instanceGroupManagers/gke-noteapp-cluster-prod-default-pool-e15f1cb2-grp",
                  "https://www.googleapis.com/compute/v1/projects/first-project-283919/zones/us-west1-b/instanceGroupManagers/gke-noteapp-cluster-prod-default-pool-5effd866-grp",
                  "https://www.googleapis.com/compute/v1/projects/first-project-283919/zones/us-west1-c/instanceGroupManagers/gke-noteapp-cluster-prod-default-pool-66195b6d-grp"
                ],
                "management": [
                  {
                    "auto_repair": true,
                    "auto_upgrade": true
                  }
                ],
                "max_pods_per_node": 110,
                "name": "default-pool",
                "name_prefix": "",
                "node_config": [
                  {
                    "disk_size_gb": 100,
                    "disk_type": "pd-standard",
                    "guest_accelerator": [],
                    "image_type": "COS_CONTAINERD",
                    "labels": {},
                    "local_ssd_count": 0,
                    "machine_type": "e2-medium",
                    "metadata": {
                      "disable-legacy-endpoints": "true"
                    },
                    "min_cpu_platform": "",
                    "oauth_scopes": [
                      "https://www.googleapis.com/auth/logging.write",
                      "https://www.googleapis.com/auth/monitoring"
                    ],
                    "preemptible": false,
                    "service_account": "tf-gke-noteapp-cluster-grdd@first-project-283919.iam.gserviceaccount.com",
                    "shielded_instance_config": [
                      {
                        "enable_integrity_monitoring": true,
                        "enable_secure_boot": false
                      }
                    ],
                    "tags": [],
                    "taint": [],
                    "workload_metadata_config": [
                      {
                        "node_metadata": "GKE_METADATA_SERVER"
                      }
                    ]
                  }
                ],
                "node_count": 0,
                "node_locations": [
                  "us-west1-a",
                  "us-west1-b",
                  "us-west1-c"
                ],
                "upgrade_settings": [
                  {
                    "max_surge": 1,
                    "max_unavailable": 0
                  }
                ],
                "version": "1.19.8-gke.1600"
              },
              {
                "autoscaling": [
                  {
                    "max_node_count": 2,
                    "min_node_count": 1
                  }
                ],
                "initial_node_count": 1,
                "instance_group_urls": [
                  "https://www.googleapis.com/compute/v1/projects/first-project-283919/zones/us-west1-a/instanceGroupManagers/gke-noteapp-cluster-prod-node-pool-5eafe7bd-grp",
                  "https://www.googleapis.com/compute/v1/projects/first-project-283919/zones/us-west1-b/instanceGroupManagers/gke-noteapp-cluster-prod-node-pool-4ba30276-grp",
                  "https://www.googleapis.com/compute/v1/projects/first-project-283919/zones/us-west1-c/instanceGroupManagers/gke-noteapp-cluster-prod-node-pool-77efe29b-grp"
                ],
                "management": [
                  {
                    "auto_repair": true,
                    "auto_upgrade": true
                  }
                ],
                "max_pods_per_node": 110,
                "name": "node-pool",
                "name_prefix": "",
                "node_config": [
                  {
                    "disk_size_gb": 30,
                    "disk_type": "pd-standard",
                    "guest_accelerator": [],
                    "image_type": "COS",
                    "labels": {
                      "cluster_name": "noteapp-cluster-prod",
                      "node_pool": "node-pool"
                    },
                    "local_ssd_count": 0,
                    "machine_type": "e2-medium",
                    "metadata": {
                      "cluster_name": "noteapp-cluster-prod",
                      "disable-legacy-endpoints": "true",
                      "node_pool": "node-pool"
                    },
                    "min_cpu_platform": "",
                    "oauth_scopes": [
                      "https://www.googleapis.com/auth/cloud-platform"
                    ],
                    "preemptible": false,
                    "service_account": "tf-gke-noteapp-cluster-grdd@first-project-283919.iam.gserviceaccount.com",
                    "shielded_instance_config": [
                      {
                        "enable_integrity_monitoring": true,
                        "enable_secure_boot": false
                      }
                    ],
                    "tags": [
                      "gke-noteapp-cluster-prod",
                      "gke-noteapp-cluster-prod-node-pool"
                    ],
                    "taint": [],
                    "workload_metadata_config": [
                      {
                        "node_metadata": "GKE_METADATA_SERVER"
                      }
                    ]
                  }
                ],
                "node_count": 1,
                "node_locations": [
                  "us-west1-a",
                  "us-west1-b",
                  "us-west1-c"
                ],
                "upgrade_settings": [
                  {
                    "max_surge": 1,
                    "max_unavailable": 0
                  }
                ],
                "version": "1.19.8-gke.1600"
              }
            ],
            "node_version": "1.19.8-gke.1600",
            "operation": null,
            "pod_security_policy_config": null,
            "private_cluster_config": [],
            "project": "first-project-283919",
            "release_channel": [
              {
                "channel": "UNSPECIFIED"
              }
            ],
            "remove_default_node_pool": null,
            "resource_labels": {},
            "resource_usage_export_config": [],
            "self_link": "https://container.googleapis.com/v1beta1/projects/first-project-283919/locations/us-west1/clusters/noteapp-cluster-prod",
            "services_ipv4_cidr": "10.30.0.0/16",
            "subnetwork": "projects/first-project-283919/regions/us-west1/subnetworks/gke-subnet-prod",
            "vertical_pod_autoscaling": [
              {
                "enabled": false
              }
            ],
            "workload_identity_config": [
              {
                "identity_namespace": "first-project-283919.svc.id.goog"
              }
            ]
          },
          "sensitive_attributes": []
        }
      ]
    },
    {
      "module": "module.gke_auth",
      "mode": "data",
      "type": "template_file",
      "name": "kubeconfig",
      "provider": "provider[\"registry.terraform.io/hashicorp/template\"]",
      "instances": [
        {
          "schema_version": 0,
          "attributes": {
            "filename": null,
            "id": "44abec8912607b1d53d9ae00ed426ecd558831a54d4c679abf6f32aa7d55ce87",
            "rendered": "apiVersion: v1\r\nclusters:\r\n- cluster:\r\n    certificate-authority-data: LS0tLS1CRUdJTiBDRVJUSUZJQ0FURS0tLS0tCk1JSURLekNDQWhPZ0F3SUJBZ0lSQUtKcHV0T2xpRVZBdFZPWEFNeEtaRTB3RFFZSktvWklodmNOQVFFTEJRQXcKTHpFdE1Dc0dBMVVFQXhNa056UTNaak00TUdZdE1HWmhOaTAwTURrMUxUaG1PVFl0WXpobE1EYzNNVFUwTkdSaApNQjRYRFRJeE1EUXhPREUzTkRJeU4xb1hEVEkyTURReE56RTROREl5TjFvd0x6RXRNQ3NHQTFVRUF4TWtOelEzClpqTTRNR1l0TUdaaE5pMDBNRGsxTFRobU9UWXRZemhsTURjM01UVTBOR1JoTUlJQklqQU5CZ2txaGtpRzl3MEIKQVFFRkFBT0NBUThBTUlJQkNnS0NBUUVBdFVMdXc0Ymc2Q1ZZdFdoRy91ejI0U3Z3alR2WGxoQkNyTDQ2clZuRwpuSXluMmgveFFqMWhOanJMcG1Yby9tb1VuaytwZ1RCTWFhM01GUHBoYWRwNWpXNUtLeW4xQTFGYVJFNjVoU2xmCjl2bGx6YW9ycTNjY3FuVDJOQnBZc293bHdvVnJMcHFDWWNMdmpVdVAxbVBkSm9ReUExbStzOUZaMWxnbnBuNHgKWUdwSncxQ2ZlNTVpYk1GSWdGWkdkRXU1OVB0Wi9MTHdtY0hHRmRtZlQ4VUdqVHZuakczeDhSdmlsM0FyV3JlNAp6eDRvcjlySG1WL3hCTzBmR0U3TG8wSHlpNXFPSlJUd00yZHNwUCswM2JoQUYyTmY0NUZueXJ0bm53MDIrVlh5CkNxcmo4UGt1ZlhXZjgwTUxRcGhBRlNqdllCK21sM21QSXBKRVg5T0cySjQ0bVFJREFRQUJvMEl3UURBT0JnTlYKSFE4QkFmOEVCQU1DQWdRd0R3WURWUjBUQVFIL0JBVXdBd0VCL3pBZEJnTlZIUTRFRmdRVVA1SGdQbVpMNFFIbApSV0l1WTFrL2Z1VW1CZmd3RFFZSktvWklodmNOQVFFTEJRQURnZ0VCQUVNQWVJMGJGd0plNGR0ZTE5N0xvdDZtClB4dlZzNU1UYmdDVERuU20zb3BRdFc5Y3R4YzkvZ21LVXprdEoyRkY5QTZyRHM1dzlhTGdsWm9SdzVzbzQwMEgKeWVTQkFFOENkMmttaTYyNHdxU3lSL2tBb0pJK0hSeWl1N1J5NEJYalFjQVFsSnVoelBGUng3dUJOL0dQT1pJWQpqckpSRUo4KzNNQjArKzhsUllTRGI2TmFJNmdBcGRCcjRFYWo3YmN3aHlrODlIaEZXSDBYc092aGNRcXMycnJHClcxczJrTTFKcEhWSlk2ZWdmbEZUejdDSDhNazVrU1l1d2dUSThETWYxUWExMGpKZEtreFZnUnRCdVNzUkV1OXIKOE1VQlppRTBCaStpbG00NGI2T0Rib2FGYU1Mb2o4SW8ycGVMQURyL2xzdXMrYmxwaktBSmFldEFJZmxIZmdZPQotLS0tLUVORCBDRVJUSUZJQ0FURS0tLS0tCg==\r\n    server: https://34.82.153.134\r\n  name: noteapp-cluster-prod\r\ncontexts:\r\n- context:\r\n    cluster: noteapp-cluster-prod\r\n    user: noteapp-cluster-prod\r\n  name: noteapp-cluster-prod\r\ncurrent-context: noteapp-cluster-prod\r\nkind: Config\r\npreferences: {}\r\nusers:\r\n- name: noteapp-cluster-prod\r\n  user:\r\n    token: ya29.a0AfH6SMCcWqJ93YgWvfIKmEcN6QsOhjVGC6SVIcSc5ml1JAUggpp5hX_rIQSPFWIQM6BDYdtq5sr3g0fRZ-P5rL1SqPJPbEOZYIWe1TPwZT1mVsz-ni8bYWSDIJs1SToh9awQKgNeNVNB3hRl03T6GRMq0RGTlg\r\n",
            "template": "apiVersion: v1\r\nclusters:\r\n- cluster:\r\n    certificate-authority-data: ${cluster_ca_certificate}\r\n    server: https://${endpoint}\r\n  name: ${context}\r\ncontexts:\r\n- context:\r\n    cluster: ${context}\r\n    user: ${context}\r\n  name: ${context}\r\ncurrent-context: ${context}\r\nkind: Config\r\npreferences: {}\r\nusers:\r\n- name: ${context}\r\n  user:\r\n    token: ${token}\r\n",
            "vars": {
              "cluster_ca_certificate": "LS0tLS1CRUdJTiBDRVJUSUZJQ0FURS0tLS0tCk1JSURLekNDQWhPZ0F3SUJBZ0lSQUtKcHV0T2xpRVZBdFZPWEFNeEtaRTB3RFFZSktvWklodmNOQVFFTEJRQXcKTHpFdE1Dc0dBMVVFQXhNa056UTNaak00TUdZdE1HWmhOaTAwTURrMUxUaG1PVFl0WXpobE1EYzNNVFUwTkdSaApNQjRYRFRJeE1EUXhPREUzTkRJeU4xb1hEVEkyTURReE56RTROREl5TjFvd0x6RXRNQ3NHQTFVRUF4TWtOelEzClpqTTRNR1l0TUdaaE5pMDBNRGsxTFRobU9UWXRZemhsTURjM01UVTBOR1JoTUlJQklqQU5CZ2txaGtpRzl3MEIKQVFFRkFBT0NBUThBTUlJQkNnS0NBUUVBdFVMdXc0Ymc2Q1ZZdFdoRy91ejI0U3Z3alR2WGxoQkNyTDQ2clZuRwpuSXluMmgveFFqMWhOanJMcG1Yby9tb1VuaytwZ1RCTWFhM01GUHBoYWRwNWpXNUtLeW4xQTFGYVJFNjVoU2xmCjl2bGx6YW9ycTNjY3FuVDJOQnBZc293bHdvVnJMcHFDWWNMdmpVdVAxbVBkSm9ReUExbStzOUZaMWxnbnBuNHgKWUdwSncxQ2ZlNTVpYk1GSWdGWkdkRXU1OVB0Wi9MTHdtY0hHRmRtZlQ4VUdqVHZuakczeDhSdmlsM0FyV3JlNAp6eDRvcjlySG1WL3hCTzBmR0U3TG8wSHlpNXFPSlJUd00yZHNwUCswM2JoQUYyTmY0NUZueXJ0bm53MDIrVlh5CkNxcmo4UGt1ZlhXZjgwTUxRcGhBRlNqdllCK21sM21QSXBKRVg5T0cySjQ0bVFJREFRQUJvMEl3UURBT0JnTlYKSFE4QkFmOEVCQU1DQWdRd0R3WURWUjBUQVFIL0JBVXdBd0VCL3pBZEJnTlZIUTRFRmdRVVA1SGdQbVpMNFFIbApSV0l1WTFrL2Z1VW1CZmd3RFFZSktvWklodmNOQVFFTEJRQURnZ0VCQUVNQWVJMGJGd0plNGR0ZTE5N0xvdDZtClB4dlZzNU1UYmdDVERuU20zb3BRdFc5Y3R4YzkvZ21LVXprdEoyRkY5QTZyRHM1dzlhTGdsWm9SdzVzbzQwMEgKeWVTQkFFOENkMmttaTYyNHdxU3lSL2tBb0pJK0hSeWl1N1J5NEJYalFjQVFsSnVoelBGUng3dUJOL0dQT1pJWQpqckpSRUo4KzNNQjArKzhsUllTRGI2TmFJNmdBcGRCcjRFYWo3YmN3aHlrODlIaEZXSDBYc092aGNRcXMycnJHClcxczJrTTFKcEhWSlk2ZWdmbEZUejdDSDhNazVrU1l1d2dUSThETWYxUWExMGpKZEtreFZnUnRCdVNzUkV1OXIKOE1VQlppRTBCaStpbG00NGI2T0Rib2FGYU1Mb2o4SW8ycGVMQURyL2xzdXMrYmxwaktBSmFldEFJZmxIZmdZPQotLS0tLUVORCBDRVJUSUZJQ0FURS0tLS0tCg==",
              "context": "noteapp-cluster-prod",
              "endpoint": "34.82.153.134",
              "token": "ya29.a0AfH6SMCcWqJ93YgWvfIKmEcN6QsOhjVGC6SVIcSc5ml1JAUggpp5hX_rIQSPFWIQM6BDYdtq5sr3g0fRZ-P5rL1SqPJPbEOZYIWe1TPwZT1mVsz-ni8bYWSDIJs1SToh9awQKgNeNVNB3hRl03T6GRMq0RGTlg"
            }
          },
          "sensitive_attributes": []
        }
      ]
    }
  ]
}
